
Microsoft Visual Studio Solution File, Format Version 12.00
# Visual Studio Version 17
VisualStudioVersion = 17.5.002.0
MinimumVisualStudioVersion = 10.0.40219.1
Project("{9A19103F-16F7-4668-BE54-9A1E7A4F7556}") = "LinqExercises", "LinqExercises.csproj", "{9668A377-A32C-4550-8A72-728B62DF9B41}"
EndProject
Global
	GlobalSection(SolutionConfigurationPlatforms) = preSolution
		Debug|Any CPU = Debug|Any CPU
		Release|Any CPU = Release|Any CPU
	EndGlobalSection
	GlobalSection(ProjectConfigurationPlatforms) = postSolution
		{9668A377-A32C-4550-8A72-728B62DF9B41}.Debug|Any CPU.ActiveCfg = Debug|Any CPU
		{9668A377-A32C-4550-8A72-728B62DF9B41}.Debug|Any CPU.Build.0 = Debug|Any CPU
		{9668A377-A32C-4550-8A72-728B62DF9B41}.Release|Any CPU.ActiveCfg = Release|Any CPU
		{9668A377-A32C-4550-8A72-728B62DF9B41}.Release|Any CPU.Build.0 = Release|Any CPU
	EndGlobalSection
	GlobalSection(SolutionProperties) = preSolution
		HideSolutionNode = FALSE
	EndGlobalSection
	GlobalSection(ExtensibilityGlobals) = postSolution
		SolutionGuid = {EF907257-CA1C-4D09-8E57-078691B944F2}
	EndGlobalSection
EndGlobal
